
Microsoft Visual Studio Solution File, Format Version 12.00
# Visual Studio Version 17
VisualStudioVersion = 17.14.36109.1
MinimumVisualStudioVersion = 10.0.40219.1
Project("{FAE04EC0-301F-11D3-BF4B-00C04F79EFBC}") = "TheMovies", "TheMovies\TheMovies.csproj", "{250FB439-C8D5-4600-A46D-CADF81153AE5}"
EndProject
Project("{FAE04EC0-301F-11D3-BF4B-00C04F79EFBC}") = "TheMovies.Tests", "TheMovies.Tests\TheMovies.Tests.csproj", "{CE8372CA-9848-439D-82CF-719C1721D3A5}"
EndProject
Global
	GlobalSection(SolutionConfigurationPlatforms) = preSolution
		Debug|Any CPU = Debug|Any CPU
		Release|Any CPU = Release|Any CPU
	EndGlobalSection
	GlobalSection(ProjectConfigurationPlatforms) = postSolution
		{250FB439-C8D5-4600-A46D-CADF81153AE5}.Debug|Any CPU.ActiveCfg = Debug|Any CPU
		{250FB439-C8D5-4600-A46D-CADF81153AE5}.Debug|Any CPU.Build.0 = Debug|Any CPU
		{250FB439-C8D5-4600-A46D-CADF81153AE5}.Release|Any CPU.ActiveCfg = Release|Any CPU
		{250FB439-C8D5-4600-A46D-CADF81153AE5}.Release|Any CPU.Build.0 = Release|Any CPU
		{CE8372CA-9848-439D-82CF-719C1721D3A5}.Debug|Any CPU.ActiveCfg = Debug|Any CPU
		{CE8372CA-9848-439D-82CF-719C1721D3A5}.Debug|Any CPU.Build.0 = Debug|Any CPU
		{CE8372CA-9848-439D-82CF-719C1721D3A5}.Release|Any CPU.ActiveCfg = Release|Any CPU
		{CE8372CA-9848-439D-82CF-719C1721D3A5}.Release|Any CPU.Build.0 = Release|Any CPU
	EndGlobalSection
	GlobalSection(SolutionProperties) = preSolution
		HideSolutionNode = FALSE
	EndGlobalSection
	GlobalSection(ExtensibilityGlobals) = postSolution
		SolutionGuid = {D608CEFC-A551-438A-B245-4D96428E09F9}
	EndGlobalSection
EndGlobal
